
Microsoft Visual Studio Solution File, Format Version 12.00
# Visual Studio Version 17
VisualStudioVersion = 17.3.32901.215
MinimumVisualStudioVersion = 10.0.40219.1
Project("{FAE04EC0-301F-11D3-BF4B-00C04F79EFBC}") = "DeviceStore", "DeviceStore\DeviceStore.csproj", "{A844AEC8-B5B9-45B7-A7D9-450595BC7E50}"
EndProject
Global
	GlobalSection(SolutionConfigurationPlatforms) = preSolution
		Debug|Any CPU = Debug|Any CPU
		Release|Any CPU = Release|Any CPU
	EndGlobalSection
	GlobalSection(ProjectConfigurationPlatforms) = postSolution
		{A844AEC8-B5B9-45B7-A7D9-450595BC7E50}.Debug|Any CPU.ActiveCfg = Debug|Any CPU
		{A844AEC8-B5B9-45B7-A7D9-450595BC7E50}.Debug|Any CPU.Build.0 = Debug|Any CPU
		{A844AEC8-B5B9-45B7-A7D9-450595BC7E50}.Release|Any CPU.ActiveCfg = Release|Any CPU
		{A844AEC8-B5B9-45B7-A7D9-450595BC7E50}.Release|Any CPU.Build.0 = Release|Any CPU
	EndGlobalSection
	GlobalSection(SolutionProperties) = preSolution
		HideSolutionNode = FALSE
	EndGlobalSection
	GlobalSection(ExtensibilityGlobals) = postSolution
		SolutionGuid = {D34A9CFE-C238-4811-9D56-22B6D24B4A7E}
	EndGlobalSection
EndGlobal
